
Microsoft Visual Studio Solution File, Format Version 12.00
# Visual Studio 15
VisualStudioVersion = 15.0.28307.271
MinimumVisualStudioVersion = 10.0.40219.1
Project("{FAE04EC0-301F-11D3-BF4B-00C04F79EFBC}") = "Common.Monitoring", "Common.Monitoring\Common.Monitoring.csproj", "{C1E587F7-DE47-4661-9876-E5DAB25CBE9D}"
EndProject
Project("{2150E333-8FDC-42A3-9474-1A3956D46DE8}") = "01-Framework", "01-Framework", "{8ABC3D1C-9275-4F35-9059-35D3CFC7B5CF}"
EndProject
Project("{2150E333-8FDC-42A3-9474-1A3956D46DE8}") = "00-Database", "00-Database", "{6FCF1FFC-E020-451E-8DE5-B5D208EE7406}"
EndProject
Project("{2150E333-8FDC-42A3-9474-1A3956D46DE8}") = "03-Entites", "03-Entites", "{FA57FA79-9705-42B9-8BEB-798724AD1FF5}"
EndProject
Project("{2150E333-8FDC-42A3-9474-1A3956D46DE8}") = "04-DataAcess", "04-DataAcess", "{9495FC08-D563-45CC-A9E5-8E1B91CEF2D4}"
EndProject
Project("{2150E333-8FDC-42A3-9474-1A3956D46DE8}") = "05-WebApi", "05-WebApi", "{3A16DBA9-B281-4AE2-B13A-9F2525882C6E}"
EndProject
Project("{2150E333-8FDC-42A3-9474-1A3956D46DE8}") = "06-Frontend", "06-Frontend", "{6EA699E5-8C48-47D4-8CE9-B19D10CFBC52}"
EndProject
Project("{2150E333-8FDC-42A3-9474-1A3956D46DE8}") = "07-Compute", "07-Compute", "{881440A2-00F6-4189-B624-E31FF965ECFD}"
EndProject
Project("{2150E333-8FDC-42A3-9474-1A3956D46DE8}") = "08-Tests", "08-Tests", "{58BDD017-4683-49C2-82A0-B1E249AD5AC1}"
EndProject
Project("{FAE04EC0-301F-11D3-BF4B-00C04F79EFBC}") = "Common.Tests", "Common.Tests\Common.Tests.csproj", "{6FFEE382-856A-4AA8-8F14-150C908ECBAF}"
EndProject
Project("{FAE04EC0-301F-11D3-BF4B-00C04F79EFBC}") = "Common.Resources", "Common.Resources\Common.Resources.csproj", "{A07BDCB1-81C3-418F-96AC-E95A84660B3D}"
EndProject
Project("{2150E333-8FDC-42A3-9474-1A3956D46DE8}") = "02-Commun", "02-Commun", "{F3FD48C4-5597-4135-A819-946A24E73452}"
EndProject
Project("{FAE04EC0-301F-11D3-BF4B-00C04F79EFBC}") = "Hermes.Entites.Bailleurs", "Hermes.Entites.Bailleurs\Hermes.Entites.Bailleurs.csproj", "{829775EB-1491-451E-B984-7CD3C0223A46}"
EndProject
Project("{FAE04EC0-301F-11D3-BF4B-00C04F79EFBC}") = "Hermes.Entites.Commun", "Hermes.Entites.Commun\Hermes.Entites.Commun.csproj", "{F81C2E70-B6F1-4A78-8DF7-C8578E8B0428}"
EndProject
Project("{FAE04EC0-301F-11D3-BF4B-00C04F79EFBC}") = "Hermes.Entites.Entreprises", "Hermes.Entites.Entreprises\Hermes.Entites.Entreprises.csproj", "{3A9980FF-2E9B-4614-A79F-121FD07BC79D}"
EndProject
Project("{FAE04EC0-301F-11D3-BF4B-00C04F79EFBC}") = "Hermes.Entites.Salaries", "Hermes.Entites.Salaries\Hermes.Entites.Salaries.csproj", "{548FD48C-B022-4B09-A8A3-CECC55DB29AD}"
EndProject
Project("{FAE04EC0-301F-11D3-BF4B-00C04F79EFBC}") = "Hermes.Resources", "Hermes.Resources\Hermes.Resources.csproj", "{7FDB704A-B132-42CA-B459-AD6E8A2EDF32}"
EndProject
Project("{FAE04EC0-301F-11D3-BF4B-00C04F79EFBC}") = "Hermes.DataAccess.Salaries", "Hermes.DataAccess.Salaries\Hermes.DataAccess.Salaries.csproj", "{0275A37E-648B-445A-9CF2-8589D03364CE}"
EndProject
Project("{FAE04EC0-301F-11D3-BF4B-00C04F79EFBC}") = "Hermes.DataAccess.Commun", "Hermes.DataAccess.Commun\Hermes.DataAccess.Commun.csproj", "{E311C16A-649B-4A30-AF12-6AB409041566}"
EndProject
Project("{FAE04EC0-301F-11D3-BF4B-00C04F79EFBC}") = "Hermes.DataAccess.Bailleurs", "Hermes.DataAccess.Bailleurs\Hermes.DataAccess.Bailleurs.csproj", "{F46236E4-ADCD-4043-8675-A3DB9D8B26F5}"
EndProject
Project("{FAE04EC0-301F-11D3-BF4B-00C04F79EFBC}") = "Hermes.DataAccess.Entreprises", "Hermes.DataAccess.Entreprises\Hermes.DataAccess.Entreprises.csproj", "{28A5D49B-4008-43C4-874F-450FE1828DFA}"
EndProject
Project("{FAE04EC0-301F-11D3-BF4B-00C04F79EFBC}") = "Common.WebApi", "Common.WebApi\Common.WebApi.csproj", "{BE345B54-FDAC-41AC-960D-2EAB12BAD0CA}"
EndProject
Project("{9A19103F-16F7-4668-BE54-9A1E7A4F7556}") = "Hermes.WebApi.Salaries", "Hermes.WebApi.Salaries\Hermes.WebApi.Salaries.csproj", "{EDDD6E25-EF64-459C-A389-C4188E87A9C0}"
EndProject
Project("{9A19103F-16F7-4668-BE54-9A1E7A4F7556}") = "Hermes.Frontend.Bailleurs", "Hermes.Frontend.Bailleurs\Hermes.Frontend.Bailleurs.csproj", "{E403788E-CED5-4699-B91F-219D48DCA3C7}"
EndProject
Project("{00D1A9C2-B5F0-4AF3-8072-F6C62B433612}") = "Hermes.Database", "Hermes.Database\Hermes.Database.sqlproj", "{80F88BE7-85AB-4A98-B0BA-02B0006D53DA}"
EndProject
Project("{00D1A9C2-B5F0-4AF3-8072-F6C62B433612}") = "Hermes.Database.Habilitation", "Hermes.Autorisations.Database\Hermes.Database.Habilitation.sqlproj", "{4724CE79-BCF9-44E2-A917-D956081E55A4}"
EndProject
Project("{00D1A9C2-B5F0-4AF3-8072-F6C62B433612}") = "Common.Database.Monitoring", "Common.Monitoring.Database\Common.Database.Monitoring.sqlproj", "{702D42E0-4C14-40D4-95FE-D424440D694D}"
EndProject
Project("{FAE04EC0-301F-11D3-BF4B-00C04F79EFBC}") = "Common.Monitoring.Tests", "Common.Monitoring.Tests\Common.Monitoring.Tests.csproj", "{72CCBD8C-F87E-41F8-8EB3-C6BFAEAEE3D9}"
EndProject
Project("{FAE04EC0-301F-11D3-BF4B-00C04F79EFBC}") = "Common.WebApi.Tests", "Common.WebApi.Tests\Common.WebApi.Tests.csproj", "{7FBD1552-2C97-4B7A-9168-106EC2515305}"
EndProject
Project("{9A19103F-16F7-4668-BE54-9A1E7A4F7556}") = "Hermes.WebApi.Bailleurs", "Hermes.WebApi.Bailleurs\Hermes.WebApi.Bailleurs.csproj", "{97D50F60-0161-480B-89AD-A45442FF5A09}"
EndProject
Project("{9A19103F-16F7-4668-BE54-9A1E7A4F7556}") = "Hermes.WebApi.Entreprises", "Hermes.WebApi.Entreprises\Hermes.WebApi.Entreprises.csproj", "{5A160C8E-C30F-437F-AD23-78437478AF94}"
EndProject
Global
	GlobalSection(SolutionConfigurationPlatforms) = preSolution
		Debug|Any CPU = Debug|Any CPU
		Release|Any CPU = Release|Any CPU
	EndGlobalSection
	GlobalSection(ProjectConfigurationPlatforms) = postSolution
		{C1E587F7-DE47-4661-9876-E5DAB25CBE9D}.Debug|Any CPU.ActiveCfg = Debug|Any CPU
		{C1E587F7-DE47-4661-9876-E5DAB25CBE9D}.Debug|Any CPU.Build.0 = Debug|Any CPU
		{C1E587F7-DE47-4661-9876-E5DAB25CBE9D}.Release|Any CPU.ActiveCfg = Release|Any CPU
		{C1E587F7-DE47-4661-9876-E5DAB25CBE9D}.Release|Any CPU.Build.0 = Release|Any CPU
		{6FFEE382-856A-4AA8-8F14-150C908ECBAF}.Debug|Any CPU.ActiveCfg = Debug|Any CPU
		{6FFEE382-856A-4AA8-8F14-150C908ECBAF}.Debug|Any CPU.Build.0 = Debug|Any CPU
		{6FFEE382-856A-4AA8-8F14-150C908ECBAF}.Release|Any CPU.ActiveCfg = Release|Any CPU
		{6FFEE382-856A-4AA8-8F14-150C908ECBAF}.Release|Any CPU.Build.0 = Release|Any CPU
		{A07BDCB1-81C3-418F-96AC-E95A84660B3D}.Debug|Any CPU.ActiveCfg = Debug|Any CPU
		{A07BDCB1-81C3-418F-96AC-E95A84660B3D}.Debug|Any CPU.Build.0 = Debug|Any CPU
		{A07BDCB1-81C3-418F-96AC-E95A84660B3D}.Release|Any CPU.ActiveCfg = Release|Any CPU
		{A07BDCB1-81C3-418F-96AC-E95A84660B3D}.Release|Any CPU.Build.0 = Release|Any CPU
		{829775EB-1491-451E-B984-7CD3C0223A46}.Debug|Any CPU.ActiveCfg = Debug|Any CPU
		{829775EB-1491-451E-B984-7CD3C0223A46}.Debug|Any CPU.Build.0 = Debug|Any CPU
		{829775EB-1491-451E-B984-7CD3C0223A46}.Release|Any CPU.ActiveCfg = Release|Any CPU
		{829775EB-1491-451E-B984-7CD3C0223A46}.Release|Any CPU.Build.0 = Release|Any CPU
		{F81C2E70-B6F1-4A78-8DF7-C8578E8B0428}.Debug|Any CPU.ActiveCfg = Debug|Any CPU
		{F81C2E70-B6F1-4A78-8DF7-C8578E8B0428}.Debug|Any CPU.Build.0 = Debug|Any CPU
		{F81C2E70-B6F1-4A78-8DF7-C8578E8B0428}.Release|Any CPU.ActiveCfg = Release|Any CPU
		{F81C2E70-B6F1-4A78-8DF7-C8578E8B0428}.Release|Any CPU.Build.0 = Release|Any CPU
		{3A9980FF-2E9B-4614-A79F-121FD07BC79D}.Debug|Any CPU.ActiveCfg = Debug|Any CPU
		{3A9980FF-2E9B-4614-A79F-121FD07BC79D}.Debug|Any CPU.Build.0 = Debug|Any CPU
		{3A9980FF-2E9B-4614-A79F-121FD07BC79D}.Release|Any CPU.ActiveCfg = Release|Any CPU
		{3A9980FF-2E9B-4614-A79F-121FD07BC79D}.Release|Any CPU.Build.0 = Release|Any CPU
		{548FD48C-B022-4B09-A8A3-CECC55DB29AD}.Debug|Any CPU.ActiveCfg = Debug|Any CPU
		{548FD48C-B022-4B09-A8A3-CECC55DB29AD}.Debug|Any CPU.Build.0 = Debug|Any CPU
		{548FD48C-B022-4B09-A8A3-CECC55DB29AD}.Release|Any CPU.ActiveCfg = Release|Any CPU
		{548FD48C-B022-4B09-A8A3-CECC55DB29AD}.Release|Any CPU.Build.0 = Release|Any CPU
		{7FDB704A-B132-42CA-B459-AD6E8A2EDF32}.Debug|Any CPU.ActiveCfg = Debug|Any CPU
		{7FDB704A-B132-42CA-B459-AD6E8A2EDF32}.Debug|Any CPU.Build.0 = Debug|Any CPU
		{7FDB704A-B132-42CA-B459-AD6E8A2EDF32}.Release|Any CPU.ActiveCfg = Release|Any CPU
		{7FDB704A-B132-42CA-B459-AD6E8A2EDF32}.Release|Any CPU.Build.0 = Release|Any CPU
		{0275A37E-648B-445A-9CF2-8589D03364CE}.Debug|Any CPU.ActiveCfg = Debug|Any CPU
		{0275A37E-648B-445A-9CF2-8589D03364CE}.Debug|Any CPU.Build.0 = Debug|Any CPU
		{0275A37E-648B-445A-9CF2-8589D03364CE}.Release|Any CPU.ActiveCfg = Release|Any CPU
		{0275A37E-648B-445A-9CF2-8589D03364CE}.Release|Any CPU.Build.0 = Release|Any CPU
		{E311C16A-649B-4A30-AF12-6AB409041566}.Debug|Any CPU.ActiveCfg = Debug|Any CPU
		{E311C16A-649B-4A30-AF12-6AB409041566}.Debug|Any CPU.Build.0 = Debug|Any CPU
		{E311C16A-649B-4A30-AF12-6AB409041566}.Release|Any CPU.ActiveCfg = Release|Any CPU
		{E311C16A-649B-4A30-AF12-6AB409041566}.Release|Any CPU.Build.0 = Release|Any CPU
		{F46236E4-ADCD-4043-8675-A3DB9D8B26F5}.Debug|Any CPU.ActiveCfg = Debug|Any CPU
		{F46236E4-ADCD-4043-8675-A3DB9D8B26F5}.Debug|Any CPU.Build.0 = Debug|Any CPU
		{F46236E4-ADCD-4043-8675-A3DB9D8B26F5}.Release|Any CPU.ActiveCfg = Release|Any CPU
		{F46236E4-ADCD-4043-8675-A3DB9D8B26F5}.Release|Any CPU.Build.0 = Release|Any CPU
		{28A5D49B-4008-43C4-874F-450FE1828DFA}.Debug|Any CPU.ActiveCfg = Debug|Any CPU
		{28A5D49B-4008-43C4-874F-450FE1828DFA}.Debug|Any CPU.Build.0 = Debug|Any CPU
		{28A5D49B-4008-43C4-874F-450FE1828DFA}.Release|Any CPU.ActiveCfg = Release|Any CPU
		{28A5D49B-4008-43C4-874F-450FE1828DFA}.Release|Any CPU.Build.0 = Release|Any CPU
		{BE345B54-FDAC-41AC-960D-2EAB12BAD0CA}.Debug|Any CPU.ActiveCfg = Debug|Any CPU
		{BE345B54-FDAC-41AC-960D-2EAB12BAD0CA}.Debug|Any CPU.Build.0 = Debug|Any CPU
		{BE345B54-FDAC-41AC-960D-2EAB12BAD0CA}.Release|Any CPU.ActiveCfg = Release|Any CPU
		{BE345B54-FDAC-41AC-960D-2EAB12BAD0CA}.Release|Any CPU.Build.0 = Release|Any CPU
		{EDDD6E25-EF64-459C-A389-C4188E87A9C0}.Debug|Any CPU.ActiveCfg = Debug|Any CPU
		{EDDD6E25-EF64-459C-A389-C4188E87A9C0}.Debug|Any CPU.Build.0 = Debug|Any CPU
		{EDDD6E25-EF64-459C-A389-C4188E87A9C0}.Release|Any CPU.ActiveCfg = Release|Any CPU
		{EDDD6E25-EF64-459C-A389-C4188E87A9C0}.Release|Any CPU.Build.0 = Release|Any CPU
		{E403788E-CED5-4699-B91F-219D48DCA3C7}.Debug|Any CPU.ActiveCfg = Debug|Any CPU
		{E403788E-CED5-4699-B91F-219D48DCA3C7}.Debug|Any CPU.Build.0 = Debug|Any CPU
		{E403788E-CED5-4699-B91F-219D48DCA3C7}.Release|Any CPU.ActiveCfg = Release|Any CPU
		{E403788E-CED5-4699-B91F-219D48DCA3C7}.Release|Any CPU.Build.0 = Release|Any CPU
		{80F88BE7-85AB-4A98-B0BA-02B0006D53DA}.Debug|Any CPU.ActiveCfg = Debug|Any CPU
		{80F88BE7-85AB-4A98-B0BA-02B0006D53DA}.Debug|Any CPU.Build.0 = Debug|Any CPU
		{80F88BE7-85AB-4A98-B0BA-02B0006D53DA}.Debug|Any CPU.Deploy.0 = Debug|Any CPU
		{80F88BE7-85AB-4A98-B0BA-02B0006D53DA}.Release|Any CPU.ActiveCfg = Release|Any CPU
		{80F88BE7-85AB-4A98-B0BA-02B0006D53DA}.Release|Any CPU.Build.0 = Release|Any CPU
		{80F88BE7-85AB-4A98-B0BA-02B0006D53DA}.Release|Any CPU.Deploy.0 = Release|Any CPU
		{4724CE79-BCF9-44E2-A917-D956081E55A4}.Debug|Any CPU.ActiveCfg = Debug|Any CPU
		{4724CE79-BCF9-44E2-A917-D956081E55A4}.Debug|Any CPU.Build.0 = Debug|Any CPU
		{4724CE79-BCF9-44E2-A917-D956081E55A4}.Debug|Any CPU.Deploy.0 = Debug|Any CPU
		{4724CE79-BCF9-44E2-A917-D956081E55A4}.Release|Any CPU.ActiveCfg = Release|Any CPU
		{4724CE79-BCF9-44E2-A917-D956081E55A4}.Release|Any CPU.Build.0 = Release|Any CPU
		{4724CE79-BCF9-44E2-A917-D956081E55A4}.Release|Any CPU.Deploy.0 = Release|Any CPU
		{702D42E0-4C14-40D4-95FE-D424440D694D}.Debug|Any CPU.ActiveCfg = Debug|Any CPU
		{702D42E0-4C14-40D4-95FE-D424440D694D}.Debug|Any CPU.Build.0 = Debug|Any CPU
		{702D42E0-4C14-40D4-95FE-D424440D694D}.Debug|Any CPU.Deploy.0 = Debug|Any CPU
		{702D42E0-4C14-40D4-95FE-D424440D694D}.Release|Any CPU.ActiveCfg = Release|Any CPU
		{702D42E0-4C14-40D4-95FE-D424440D694D}.Release|Any CPU.Build.0 = Release|Any CPU
		{702D42E0-4C14-40D4-95FE-D424440D694D}.Release|Any CPU.Deploy.0 = Release|Any CPU
		{72CCBD8C-F87E-41F8-8EB3-C6BFAEAEE3D9}.Debug|Any CPU.ActiveCfg = Debug|Any CPU
		{72CCBD8C-F87E-41F8-8EB3-C6BFAEAEE3D9}.Debug|Any CPU.Build.0 = Debug|Any CPU
		{72CCBD8C-F87E-41F8-8EB3-C6BFAEAEE3D9}.Release|Any CPU.ActiveCfg = Release|Any CPU
		{72CCBD8C-F87E-41F8-8EB3-C6BFAEAEE3D9}.Release|Any CPU.Build.0 = Release|Any CPU
		{7FBD1552-2C97-4B7A-9168-106EC2515305}.Debug|Any CPU.ActiveCfg = Debug|Any CPU
		{7FBD1552-2C97-4B7A-9168-106EC2515305}.Debug|Any CPU.Build.0 = Debug|Any CPU
		{7FBD1552-2C97-4B7A-9168-106EC2515305}.Release|Any CPU.ActiveCfg = Release|Any CPU
		{7FBD1552-2C97-4B7A-9168-106EC2515305}.Release|Any CPU.Build.0 = Release|Any CPU
		{97D50F60-0161-480B-89AD-A45442FF5A09}.Debug|Any CPU.ActiveCfg = Debug|Any CPU
		{97D50F60-0161-480B-89AD-A45442FF5A09}.Debug|Any CPU.Build.0 = Debug|Any CPU
		{97D50F60-0161-480B-89AD-A45442FF5A09}.Release|Any CPU.ActiveCfg = Release|Any CPU
		{97D50F60-0161-480B-89AD-A45442FF5A09}.Release|Any CPU.Build.0 = Release|Any CPU
		{5A160C8E-C30F-437F-AD23-78437478AF94}.Debug|Any CPU.ActiveCfg = Debug|Any CPU
		{5A160C8E-C30F-437F-AD23-78437478AF94}.Debug|Any CPU.Build.0 = Debug|Any CPU
		{5A160C8E-C30F-437F-AD23-78437478AF94}.Release|Any CPU.ActiveCfg = Release|Any CPU
		{5A160C8E-C30F-437F-AD23-78437478AF94}.Release|Any CPU.Build.0 = Release|Any CPU
	EndGlobalSection
	GlobalSection(SolutionProperties) = preSolution
		HideSolutionNode = FALSE
	EndGlobalSection
	GlobalSection(NestedProjects) = preSolution
		{C1E587F7-DE47-4661-9876-E5DAB25CBE9D} = {8ABC3D1C-9275-4F35-9059-35D3CFC7B5CF}
		{6FFEE382-856A-4AA8-8F14-150C908ECBAF} = {58BDD017-4683-49C2-82A0-B1E249AD5AC1}
		{A07BDCB1-81C3-418F-96AC-E95A84660B3D} = {8ABC3D1C-9275-4F35-9059-35D3CFC7B5CF}
		{829775EB-1491-451E-B984-7CD3C0223A46} = {FA57FA79-9705-42B9-8BEB-798724AD1FF5}
		{F81C2E70-B6F1-4A78-8DF7-C8578E8B0428} = {FA57FA79-9705-42B9-8BEB-798724AD1FF5}
		{3A9980FF-2E9B-4614-A79F-121FD07BC79D} = {FA57FA79-9705-42B9-8BEB-798724AD1FF5}
		{548FD48C-B022-4B09-A8A3-CECC55DB29AD} = {FA57FA79-9705-42B9-8BEB-798724AD1FF5}
		{7FDB704A-B132-42CA-B459-AD6E8A2EDF32} = {F3FD48C4-5597-4135-A819-946A24E73452}
		{0275A37E-648B-445A-9CF2-8589D03364CE} = {9495FC08-D563-45CC-A9E5-8E1B91CEF2D4}
		{E311C16A-649B-4A30-AF12-6AB409041566} = {9495FC08-D563-45CC-A9E5-8E1B91CEF2D4}
		{F46236E4-ADCD-4043-8675-A3DB9D8B26F5} = {9495FC08-D563-45CC-A9E5-8E1B91CEF2D4}
		{28A5D49B-4008-43C4-874F-450FE1828DFA} = {9495FC08-D563-45CC-A9E5-8E1B91CEF2D4}
		{BE345B54-FDAC-41AC-960D-2EAB12BAD0CA} = {8ABC3D1C-9275-4F35-9059-35D3CFC7B5CF}
		{EDDD6E25-EF64-459C-A389-C4188E87A9C0} = {3A16DBA9-B281-4AE2-B13A-9F2525882C6E}
		{E403788E-CED5-4699-B91F-219D48DCA3C7} = {6EA699E5-8C48-47D4-8CE9-B19D10CFBC52}
		{80F88BE7-85AB-4A98-B0BA-02B0006D53DA} = {6FCF1FFC-E020-451E-8DE5-B5D208EE7406}
		{4724CE79-BCF9-44E2-A917-D956081E55A4} = {6FCF1FFC-E020-451E-8DE5-B5D208EE7406}
		{702D42E0-4C14-40D4-95FE-D424440D694D} = {6FCF1FFC-E020-451E-8DE5-B5D208EE7406}
		{72CCBD8C-F87E-41F8-8EB3-C6BFAEAEE3D9} = {58BDD017-4683-49C2-82A0-B1E249AD5AC1}
		{7FBD1552-2C97-4B7A-9168-106EC2515305} = {58BDD017-4683-49C2-82A0-B1E249AD5AC1}
		{97D50F60-0161-480B-89AD-A45442FF5A09} = {3A16DBA9-B281-4AE2-B13A-9F2525882C6E}
		{5A160C8E-C30F-437F-AD23-78437478AF94} = {3A16DBA9-B281-4AE2-B13A-9F2525882C6E}
	EndGlobalSection
	GlobalSection(ExtensibilityGlobals) = postSolution
		SolutionGuid = {D36888E4-84B1-409F-ABF7-FAC4A8DE4002}
	EndGlobalSection
EndGlobal
